Microsoft Visual Studio Solution File, Format Version 12.00
# Visual Studio Version 17
VisualStudioVersion = 17.12.35514.174 d17.12
MinimumVisualStudioVersion = 10.0.40219.1
Project("{FAE04EC0-301F-11D3-BF4B-00C04F79EFBC}") = "ShopKeepingBlazorWithWebapi.AppHost", "ShopKeepingBlazorWithWebapi.AppHost\ShopKeepingBlazorWithWebapi.AppHost.csproj", "{D7B2E019-CC1D-447B-921F-E23772D2BE6A}"
EndProject
Project("{FAE04EC0-301F-11D3-BF4B-00C04F79EFBC}") = "ShopKeepingBlazorWithWebapi.ServiceDefaults", "ShopKeepingBlazorWithWebapi.ServiceDefaults\ShopKeepingBlazorWithWebapi.ServiceDefaults.csproj", "{7DB69BBB-146B-47C5-B338-E0CD0DC42804}"
EndProject
Project("{FAE04EC0-301F-11D3-BF4B-00C04F79EFBC}") = "ShopKeepingBlazorWithWebapi.ApiService", "ShopKeepingBlazorWithWebapi.ApiService\ShopKeepingBlazorWithWebapi.ApiService.csproj", "{DD0D884F-A0F5-4A85-B1F0-4F899DEAF679}"
EndProject
Project("{FAE04EC0-301F-11D3-BF4B-00C04F79EFBC}") = "ShopKeepingBlazorWithWebapi.Web", "ShopKeepingBlazorWithWebapi.Web\ShopKeepingBlazorWithWebapi.Web.csproj", "{A907156E-A538-4A2A-AD6D-C8B24239DCD2}"
EndProject
Global
	GlobalSection(SolutionConfigurationPlatforms) = preSolution
		Debug|Any CPU = Debug|Any CPU
		Release|Any CPU = Release|Any CPU
	EndGlobalSection
	GlobalSection(ProjectConfigurationPlatforms) = postSolution
		{D7B2E019-CC1D-447B-921F-E23772D2BE6A}.Debug|Any CPU.ActiveCfg = Debug|Any CPU
		{D7B2E019-CC1D-447B-921F-E23772D2BE6A}.Debug|Any CPU.Build.0 = Debug|Any CPU
		{D7B2E019-CC1D-447B-921F-E23772D2BE6A}.Release|Any CPU.ActiveCfg = Release|Any CPU
		{D7B2E019-CC1D-447B-921F-E23772D2BE6A}.Release|Any CPU.Build.0 = Release|Any CPU
		{7DB69BBB-146B-47C5-B338-E0CD0DC42804}.Debug|Any CPU.ActiveCfg = Debug|Any CPU
		{7DB69BBB-146B-47C5-B338-E0CD0DC42804}.Debug|Any CPU.Build.0 = Debug|Any CPU
		{7DB69BBB-146B-47C5-B338-E0CD0DC42804}.Release|Any CPU.ActiveCfg = Release|Any CPU
		{7DB69BBB-146B-47C5-B338-E0CD0DC42804}.Release|Any CPU.Build.0 = Release|Any CPU
		{DD0D884F-A0F5-4A85-B1F0-4F899DEAF679}.Debug|Any CPU.ActiveCfg = Debug|Any CPU
		{DD0D884F-A0F5-4A85-B1F0-4F899DEAF679}.Debug|Any CPU.Build.0 = Debug|Any CPU
		{DD0D884F-A0F5-4A85-B1F0-4F899DEAF679}.Release|Any CPU.ActiveCfg = Release|Any CPU
		{DD0D884F-A0F5-4A85-B1F0-4F899DEAF679}.Release|Any CPU.Build.0 = Release|Any CPU
		{A907156E-A538-4A2A-AD6D-C8B24239DCD2}.Debug|Any CPU.ActiveCfg = Debug|Any CPU
		{A907156E-A538-4A2A-AD6D-C8B24239DCD2}.Debug|Any CPU.Build.0 = Debug|Any CPU
		{A907156E-A538-4A2A-AD6D-C8B24239DCD2}.Release|Any CPU.ActiveCfg = Release|Any CPU
		{A907156E-A538-4A2A-AD6D-C8B24239DCD2}.Release|Any CPU.Build.0 = Release|Any CPU
	EndGlobalSection
	GlobalSection(SolutionProperties) = preSolution
		HideSolutionNode = FALSE
	EndGlobalSection
EndGlobal
